
Microsoft Visual Studio Solution File, Format Version 12.00
# Visual Studio Version 17
VisualStudioVersion = 17.11.35303.130
MinimumVisualStudioVersion = 10.0.40219.1
Project("{FAE04EC0-301F-11D3-BF4B-00C04F79EFBC}") = "Method Class Assignment Submission", "Method Class Assignment Submission\Method Class Assignment Submission.csproj", "{A5108DA6-EB48-4457-B1AF-C8531F21A9F2}"
EndProject
Global
	GlobalSection(SolutionConfigurationPlatforms) = preSolution
		Debug|Any CPU = Debug|Any CPU
		Release|Any CPU = Release|Any CPU
	EndGlobalSection
	GlobalSection(ProjectConfigurationPlatforms) = postSolution
		{A5108DA6-EB48-4457-B1AF-C8531F21A9F2}.Debug|Any CPU.ActiveCfg = Debug|Any CPU
		{A5108DA6-EB48-4457-B1AF-C8531F21A9F2}.Debug|Any CPU.Build.0 = Debug|Any CPU
		{A5108DA6-EB48-4457-B1AF-C8531F21A9F2}.Release|Any CPU.ActiveCfg = Release|Any CPU
		{A5108DA6-EB48-4457-B1AF-C8531F21A9F2}.Release|Any CPU.Build.0 = Release|Any CPU
	EndGlobalSection
	GlobalSection(SolutionProperties) = preSolution
		HideSolutionNode = FALSE
	EndGlobalSection
	GlobalSection(ExtensibilityGlobals) = postSolution
		SolutionGuid = {760C1D80-FE46-4838-8279-C16EC9A5B35E}
	EndGlobalSection
EndGlobal
